// !$*UTF8*$!
{
	archiveVersion = 1;
	classes = {
	};
	objectVersion = 50;
	objects = {

/* Begin PBXBuildFile section */
		26815B0F2764B97A00291F35 /* FilterManager.swift in Sources */ = {isa = PBXBuildFile; fileRef = 26815B0E2764B97A00291F35 /* FilterManager.swift */; };
		26EC4B34275E672000F18E32 /* AppDelegate.swift in Sources */ = {isa = PBXBuildFile; fileRef = 26EC4B33275E672000F18E32 /* AppDelegate.swift */; };
		26EC4B36275E672000F18E32 /* SceneDelegate.swift in Sources */ = {isa = PBXBuildFile; fileRef = 26EC4B35275E672000F18E32 /* SceneDelegate.swift */; };
		26EC4B38275E672000F18E32 /* ViewController.swift in Sources */ = {isa = PBXBuildFile; fileRef = 26EC4B37275E672000F18E32 /* ViewController.swift */; };
		26EC4B3B275E672000F18E32 /* Main.storyboard in Resources */ = {isa = PBXBuildFile; fileRef = 26EC4B39275E672000F18E32 /* Main.storyboard */; };
		26EC4B3D275E672200F18E32 /* Assets.xcassets in Resources */ = {isa = PBXBuildFile; fileRef = 26EC4B3C275E672200F18E32 /* Assets.xcassets */; };
		26EC4B40275E672200F18E32 /* LaunchScreen.storyboard in Resources */ = {isa = PBXBuildFile; fileRef = 26EC4B3E275E672200F18E32 /* LaunchScreen.storyboard */; };
/* End PBXBuildFile section */

/* Begin PBXFileReference section */
		26815B0E2764B97A00291F35 /* FilterManager.swift */ = {isa = PBXFileReference; lastKnownFileType = sourcecode.swift; path = FilterManager.swift; sourceTree = "<group>"; };
		26EC4B30275E672000F18E32 /* Filter Image Demo.app */ = {isa = PBXFileReference; explicitFileType = wrapper.application; includeInIndex = 0; path = "Filter Image Demo.app"; sourceTree = BUILT_PRODUCTS_DIR; };
		26EC4B33275E672000F18E32 /* AppDelegate.swift */ = {isa = PBXFileReference; lastKnownFileType = sourcecode.swift; path = AppDelegate.swift; sourceTree = "<group>"; };
		26EC4B35275E672000F18E32 /* SceneDelegate.swift */ = {isa = PBXFileReference; lastKnownFileType = sourcecode.swift; path = SceneDelegate.swift; sourceTree = "<group>"; };
		26EC4B37275E672000F18E32 /* ViewController.swift */ = {isa = PBXFileReference; lastKnownFileType = sourcecode.swift; path = ViewController.swift; sourceTree = "<group>"; };
		26EC4B3A275E672000F18E32 /* Base */ = {isa = PBXFileReference; lastKnownFileType = file.storyboard; name = Base; path = Base.lproj/Main.storyboard; sourceTree = "<group>"; };
		26EC4B3C275E672200F18E32 /* Assets.xcassets */ = {isa = PBXFileReference; lastKnownFileType = folder.assetcatalog; path = Assets.xcassets; sourceTree = "<group>"; };
		26EC4B3F275E672200F18E32 /* Base */ = {isa = PBXFileReference; lastKnownFileType = file.storyboard; name = Base; path = Base.lproj/LaunchScreen.storyboard; sourceTree = "<group>"; };
		26EC4B41275E672200F18E32 /* Info.plist */ = {isa = PBXFileReference; lastKnownFileType = text.plist.xml; path = Info.plist; sourceTree = "<group>"; };
/* End PBXFileReference section */

/* Begin PBXFrameworksBuildPhase section */
		26EC4B2D275E672000F18E32 /* Frameworks */ = {
			isa = PBXFrameworksBuildPhase;
			buildActionMask = 2147483647;
			files = (
			);
			runOnlyForDeploymentPostprocessing = 0;
		};
/* End PBXFrameworksBuildPhase section */

/* Begin PBXGroup section */
		26815B0C2764B68C00291F35 /* Controller */ = {
			isa = PBXGroup;
			children = (
				26EC4B37275E672000F18E32 /* ViewController.swift */,
			);
			path = Controller;
			sourceTree = "<group>";
		};
		26815B0D2764B6BE00291F35 /* View */ = {
			isa = PBXGroup;
			children = (
				26EC4B39275E672000F18E32 /* Main.storyboard */,
				26EC4B3E275E672200F18E32 /* LaunchScreen.storyboard */,
			);
			path = View;
			sourceTree = "<group>";
		};
		26815B102764BFC700291F35 /* Model */ = {
			isa = PBXGroup;
			children = (
				26815B0E2764B97A00291F35 /* FilterManager.swift */,
			);
			path = Model;
			sourceTree = "<group>";
		};
		26EC4B27275E672000F18E32 = {
			isa = PBXGroup;
			children = (
				26EC4B32275E672000F18E32 /* Filter Image Demo */,
				26EC4B31275E672000F18E32 /* Products */,
			);
			sourceTree = "<group>";
		};
		26EC4B31275E672000F18E32 /* Products */ = {
			isa = PBXGroup;
			children = (
				26EC4B30275E672000F18E32 /* Filter Image Demo.app */,
			);
			name = Products;
			sourceTree = "<group>";
		};
		26EC4B32275E672000F18E32 /* Filter Image Demo */ = {
			isa = PBXGroup;
			children = (
				26EC4B33275E672000F18E32 /* AppDelegate.swift */,
				26EC4B35275E672000F18E32 /* SceneDelegate.swift */,
				26815B102764BFC700291F35 /* Model */,
				26815B0C2764B68C00291F35 /* Controller */,
				26815B0D2764B6BE00291F35 /* View */,
				26EC4B3C275E672200F18E32 /* Assets.xcassets */,
				26EC4B41275E672200F18E32 /* Info.plist */,
			);
			path = "Filter Image Demo";
			sourceTree = "<group>";
		};
/* End PBXGroup section */

/* Begin PBXNativeTarget section */
		26EC4B2F275E672000F18E32 /* Filter Image Demo */ = {
			isa = PBXNativeTarget;
			buildConfigurationList = 26EC4B44275E672200F18E32 /* Build configuration list for PBXNativeTarget "Filter Image Demo" */;
			buildPhases = (
				26EC4B2C275E672000F18E32 /* Sources */,
				26EC4B2D275E672000F18E32 /* Frameworks */,
				26EC4B2E275E672000F18E32 /* Resources */,
			);
			buildRules = (
			);
			dependencies = (
			);
			name = "Filter Image Demo";
			productName = "Filter Image Demo";
			productReference = 26EC4B30275E672000F18E32 /* Filter Image Demo.app */;
			productType = "com.apple.product-type.application";
		};
/* End PBXNativeTarget section */

/* Begin PBXProject section */
		26EC4B28275E672000F18E32 /* Project object */ = {
			isa = PBXProject;
			attributes = {
				LastSwiftUpdateCheck = 1100;
				LastUpgradeCheck = 1100;
				ORGANIZATIONNAME = "maged mohamed";
				TargetAttributes = {
					26EC4B2F275E672000F18E32 = {
						CreatedOnToolsVersion = 11.0;
					};
				};
			};
			buildConfigurationList = 26EC4B2B275E672000F18E32 /* Build configuration list for PBXProject "Filter Image Demo" */;
			compatibilityVersion = "Xcode 9.3";
			developmentRegion = en;
			hasScannedForEncodings = 0;
			knownRegions = (
				en,
				Base,
			);
			mainGroup = 26EC4B27275E672000F18E32;
			productRefGroup = 26EC4B31275E672000F18E32 /* Products */;
			projectDirPath = "";
			projectRoot = "";
			targets = (
				26EC4B2F275E672000F18E32 /* Filter Image Demo */,
			);
		};
/* End PBXProject section */

/* Begin PBXResourcesBuildPhase section */
		26EC4B2E275E672000F18E32 /* Resources */ = {
			isa = PBXResourcesBuildPhase;
			buildActionMask = 2147483647;
			files = (
				26EC4B40275E672200F18E32 /* LaunchScreen.storyboard in Resources */,
				26EC4B3D275E672200F18E32 /* Assets.xcassets in Resources */,
				26EC4B3B275E672000F18E32 /* Main.storyboard in Resources */,
			);
			runOnlyForDeploymentPostprocessing = 0;
		};
/* End PBXResourcesBuildPhase section */

/* Begin PBXSourcesBuildPhase section */
		26EC4B2C275E672000F18E32 /* Sources */ = {
			isa = PBXSourcesBuildPhase;
			buildActionMask = 2147483647;
			files = (
				26EC4B38275E672000F18E32 /* ViewController.swift in Sources */,
				26EC4B34275E672000F18E32 /* AppDelegate.swift in Sources */,
				26EC4B36275E672000F18E32 /* SceneDelegate.swift in Sources */,
				26815B0F2764B97A00291F35 /* FilterManager.swift in Sources */,
			);
			runOnlyForDeploymentPostprocessing = 0;
		};
/* End PBXSourcesBuildPhase section */

/* Begin PBXVariantGroup section */
		26EC4B39275E672000F18E32 /* Main.storyboard */ = {
			isa = PBXVariantGroup;
			children = (
				26EC4B3A275E672000F18E32 /* Base */,
			);
			name = Main.storyboard;
			sourceTree = "<group>";
		};
		26EC4B3E275E672200F18E32 /* LaunchScreen.storyboard */ = {
			isa = PBXVariantGroup;
			children = (
				26EC4B3F275E672200F18E32 /* Base */,
			);
			name = LaunchScreen.storyboard;
			sourceTree = "<group>";
		};
/* End PBXVariantGroup section */

/* Begin XCBuildConfiguration section */
		26EC4B42275E672200F18E32 /* Debug */ = {
			isa = XCBuildConfiguration;
			buildSettings = {
				ALWAYS_SEARCH_USER_PATHS = NO;
				CLANG_ANALYZER_NONNULL = YES;
				CLANG_ANALYZER_NUMBER_OBJECT_CONVERSION = YES_AGGRESSIVE;
				CLANG_CXX_LANGUAGE_STANDARD = "gnu++14";
				CLANG_CXX_LIBRARY = "libc++";
				CLANG_ENABLE_MODULES = YES;
				CLANG_ENABLE_OBJC_ARC = YES;
				CLANG_ENABLE_OBJC_WEAK = YES;
				CLANG_WARN_BLOCK_CAPTURE_AUTORELEASING = YES;
				CLANG_WARN_BOOL_CONVERSION = YES;
				CLANG_WARN_COMMA = YES;
				CLANG_WARN_CONSTANT_CONVERSION = YES;
				CLANG_WARN_DEPRECATED_OBJC_IMPLEMENTATIONS = YES;
				CLANG_WARN_DIRECT_OBJC_ISA_USAGE = YES_ERROR;
				CLANG_WARN_DOCUMENTATION_COMMENTS = YES;
				CLANG_WARN_EMPTY_BODY = YES;
				CLANG_WARN_ENUM_CONVERSION = YES;
				CLANG_WARN_INFINITE_RECURSION = YES;
				CLANG_WARN_INT_CONVERSION = YES;
				CLANG_WARN_NON_LITERAL_NULL_CONVERSION = YES;
				CLANG_WARN_OBJC_IMPLICIT_RETAIN_SELF = YES;
				CLANG_WARN_OBJC_LITERAL_CONVERSION = YES;
				CLANG_WARN_OBJC_ROOT_CLASS = YES_ERROR;
				CLANG_WARN_RANGE_LOOP_ANALYSIS = YES;
				CLANG_WARN_STRICT_PROTOTYPES = YES;
				CLANG_WARN_SUSPICIOUS_MOVE = YES;
				CLANG_WARN_UNGUARDED_AVAILABILITY = YES_AGGRESSIVE;
				CLANG_WARN_UNREACHABLE_CODE = YES;
				CLANG_WARN__DUPLICATE_METHOD_MATCH = YES;
				COPY_PHASE_STRIP = NO;
				DEBUG_INFORMATION_FORMAT = dwarf;
				ENABLE_STRICT_OBJC_MSGSEND = YES;
				ENABLE_TESTABILITY = YES;
				GCC_C_LANGUAGE_STANDARD = gnu11;
				GCC_DYNAMIC_NO_PIC = NO;
				GCC_NO_COMMON_BLOCKS = YES;
				GCC_OPTIMIZATION_LEVEL = 0;
				GCC_PREPROCESSOR_DEFINITIONS = (
					"DEBUG=1",
					"$(inherited)",
				);
				GCC_WARN_64_TO_32_BIT_CONVERSION = YES;
				GCC_WARN_ABOUT_RETURN_TYPE = YES_ERROR;
				GCC_WARN_UNDECLARED_SELECTOR = YES;
				GCC_WARN_UNINITIALIZED_AUTOS = YES_AGGRESSIVE;
				GCC_WARN_UNUSED_FUNCTION = YES;
				GCC_WARN_UNUSED_VARIABLE = YES;
				IPHONEOS_DEPLOYMENT_TARGET = 13.0;
				MTL_ENABLE_DEBUG_INFO = INCLUDE_SOURCE;
				MTL_FAST_MATH = YES;
				ONLY_ACTIVE_ARCH = YES;
				SDKROOT = iphoneos;
				SWIFT_ACTIVE_COMPILATION_CONDITIONS = DEBUG;
				SWIFT_OPTIMIZATION_LEVEL = "-Onone";
			};
			name = Debug;
		};
		26EC4B43275E672200F18E32 /* Release */ = {
			isa = XCBuildConfiguration;
			buildSettings = {
				ALWAYS_SEARCH_USER_PATHS = NO;
				CLANG_ANALYZER_NONNULL = YES;
				CLANG_ANALYZER_NUMBER_OBJECT_CONVERSION = YES_AGGRESSIVE;
				CLANG_CXX_LANGUAGE_STANDARD = "gnu++14";
				CLANG_CXX_LIBRARY = "libc++";
				CLANG_ENABLE_MODULES = YES;
				CLANG_ENABLE_OBJC_ARC = YES;
				CLANG_ENABLE_OBJC_WEAK = YES;
				CLANG_WARN_BLOCK_CAPTURE_AUTORELEASING = YES;
				CLANG_WARN_BOOL_CONVERSION = YES;
				CLANG_WARN_COMMA = YES;
				CLANG_WARN_CONSTANT_CONVERSION = YES;
				CLANG_WARN_DEPRECATED_OBJC_IMPLEMENTATIONS = YES;
				CLANG_WARN_DIRECT_OBJC_ISA_USAGE = YES_ERROR;
				CLANG_WARN_DOCUMENTATION_COMMENTS = YES;
				CLANG_WARN_EMPTY_BODY = YES;
				CLANG_WARN_ENUM_CONVERSION = YES;
				CLANG_WARN_INFINITE_RECURSION = YES;
				CLANG_WARN_INT_CONVERSION = YES;
				CLANG_WARN_NON_LITERAL_NULL_CONVERSION = YES;
				CLANG_WARN_OBJC_IMPLICIT_RETAIN_SELF = YES;
				CLANG_WARN_OBJC_LITERAL_CONVERSION = YES;
				CLANG_WARN_OBJC_ROOT_CLASS = YES_ERROR;
				CLANG_WARN_RANGE_LOOP_ANALYSIS = YES;
				CLANG_WARN_STRICT_PROTOTYPES = YES;
				CLANG_WARN_SUSPICIOUS_MOVE = YES;
				CLANG_WARN_UNGUARDED_AVAILABILITY = YES_AGGRESSIVE;
				CLANG_WARN_UNREACHABLE_CODE = YES;
				CLANG_WARN__DUPLICATE_METHOD_MATCH = YES;
				COPY_PHASE_STRIP = NO;
				DEBUG_INFORMATION_FORMAT = "dwarf-with-dsym";
				ENABLE_NS_ASSERTIONS = NO;
				ENABLE_STRICT_OBJC_MSGSEND = YES;
				GCC_C_LANGUAGE_STANDARD = gnu11;
				GCC_NO_COMMON_BLOCKS = YES;
				GCC_WARN_64_TO_32_BIT_CONVERSION = YES;
				GCC_WARN_ABOUT_RETURN_TYPE = YES_ERROR;
				GCC_WARN_UNDECLARED_SELECTOR = YES;
				GCC_WARN_UNINITIALIZED_AUTOS = YES_AGGRESSIVE;
				GCC_WARN_UNUSED_FUNCTION = YES;
				GCC_WARN_UNUSED_VARIABLE = YES;
				IPHONEOS_DEPLOYMENT_TARGET = 13.0;
				MTL_ENABLE_DEBUG_INFO = NO;
				MTL_FAST_MATH = YES;
				SDKROOT = iphoneos;
				SWIFT_COMPILATION_MODE = wholemodule;
				SWIFT_OPTIMIZATION_LEVEL = "-O";
				VALIDATE_PRODUCT = YES;
			};
			name = Release;
		};
		26EC4B45275E672200F18E32 /* Debug */ = {
			isa = XCBuildConfiguration;
			buildSettings = {
				ASSETCATALOG_COMPILER_APPICON_NAME = AppIcon;
				CODE_SIGN_STYLE = Automatic;
				INFOPLIST_FILE = "Filter Image Demo/Info.plist";
				LD_RUNPATH_SEARCH_PATHS = (
					"$(inherited)",
					"@executable_path/Frameworks",
				);
				PRODUCT_BUNDLE_IDENTIFIER = "home-maged.Filter-Image-Demo";
				PRODUCT_NAME = "$(TARGET_NAME)";
				SWIFT_VERSION = 5.0;
				TARGETED_DEVICE_FAMILY = "1,2";
			};
			name = Debug;
		};
		26EC4B46275E672200F18E32 /* Release */ = {
			isa = XCBuildConfiguration;
			buildSettings = {
				ASSETCATALOG_COMPILER_APPICON_NAME = AppIcon;
				CODE_SIGN_STYLE = Automatic;
				INFOPLIST_FILE = "Filter Image Demo/Info.plist";
				LD_RUNPATH_SEARCH_PATHS = (
					"$(inherited)",
					"@executable_path/Frameworks",
				);
				PRODUCT_BUNDLE_IDENTIFIER = "home-maged.Filter-Image-Demo";
				PRODUCT_NAME = "$(TARGET_NAME)";
				SWIFT_VERSION = 5.0;
				TARGETED_DEVICE_FAMILY = "1,2";
			};
			name = Release;
		};
/* End XCBuildConfiguration section */

/* Begin XCConfigurationList section */
		26EC4B2B275E672000F18E32 /* Build configuration list for PBXProject "Filter Image Demo" */ = {
			isa = XCConfigurationList;
			buildConfigurations = (
				26EC4B42275E672200F18E32 /* Debug */,
				26EC4B43275E672200F18E32 /* Release */,
			);
			defaultConfigurationIsVisible = 0;
			defaultConfigurationName = Release;
		};
		26EC4B44275E672200F18E32 /* Build configuration list for PBXNativeTarget "Filter Image Demo" */ = {
			isa = XCConfigurationList;
			buildConfigurations = (
				26EC4B45275E672200F18E32 /* Debug */,
				26EC4B46275E672200F18E32 /* Release */,
			);
			defaultConfigurationIsVisible = 0;
			defaultConfigurationName = Release;
		};
/* End XCConfigurationList section */
	};
	rootObject = 26EC4B28275E672000F18E32 /* Project object */;
}
